PODS:
  - Capacitor (5.0.4):
    - CapacitorCordova
  - CapacitorApp (5.0.3):
    - Capacitor
  - CapacitorBrowser (5.2.0):
    - Capacitor
  - CapacitorCordova (5.0.4)
  - CapacitorHaptics (5.0.2):
    - Capacitor
  - CapacitorKeyboard (5.0.4):
    - Capacitor
  - CapacitorStatusBar (5.0.2):
    - Capacitor
  - CordovaPlugins (5.0.5):
    - CapacitorCordova

DEPENDENCIES:
  - "Capacitor (from `../../node_modules/@capacitor/ios`)"
  - "CapacitorApp (from `../../node_modules/@capacitor/app`)"
  - "CapacitorBrowser (from `../../node_modules/@capacitor/browser`)"
  - "CapacitorCordova (from `../../node_modules/@capacitor/ios`)"
  - "CapacitorHaptics (from `../../node_modules/@capacitor/haptics`)"
  - "CapacitorKeyboard (from `../../node_modules/@capacitor/keyboard`)"
  - "CapacitorStatusBar (from `../../node_modules/@capacitor/status-bar`)"
  - CordovaPlugins (from `../capacitor-cordova-ios-plugins`)

EXTERNAL SOURCES:
  Capacitor:
    :path: "../../node_modules/@capacitor/ios"
  CapacitorApp:
    :path: "../../node_modules/@capacitor/app"
  CapacitorBrowser:
    :path: "../../node_modules/@capacitor/browser"
  CapacitorCordova:
    :path: "../../node_modules/@capacitor/ios"
  CapacitorHaptics:
    :path: "../../node_modules/@capacitor/haptics"
  CapacitorKeyboard:
    :path: "../../node_modules/@capacitor/keyboard"
  CapacitorStatusBar:
    :path: "../../node_modules/@capacitor/status-bar"
  CordovaPlugins:
    :path: "../capacitor-cordova-ios-plugins"

SPEC CHECKSUMS:
  Capacitor: 905c0b0e3b1a8f16d99dc6af1141f7f2784f4cb1
  CapacitorApp: 86b77cfb017893f69d664667b851a481e7134bf6
  CapacitorBrowser: 4dc0624a8c372054f64f31e53c6375ce300b28cc
  CapacitorCordova: b1fe6bf1f36974a8e4a9044b342d22d49c0996d6
  CapacitorHaptics: f3fb21620b6b1c9131a703f6721717181c100415
  CapacitorKeyboard: bfa8b33fb82db49a87db6699245d586bbcb474b6
  CapacitorStatusBar: 7e41b47c785ba22c9f5164ed4d392d677269fb32
  CordovaPlugins: 0941a62cc30b6acffe3700d1b346285134b709fa

PODFILE CHECKSUM: c219c65ff3e37839b75c153e658c1dea17161a38

COCOAPODS: 1.16.2
